
Microsoft Visual Studio Solution File, Format Version 12.00
# Visual Studio 2013
VisualStudioVersion = 12.0.40629.0
MinimumVisualStudioVersion = 10.0.40219.1
Project("{2150E333-8FDC-42A3-9474-1A3956D46DE8}") = "Library", "Library", "{D7D4DAE4-074F-4473-A80B-94E557D28FD0}"
EndProject
Project("{2150E333-8FDC-42A3-9474-1A3956D46DE8}") = "exe", "exe", "{9DEE086C-8571-41DD-ADD4-7583EB13580A}"
EndProject
Project("{8BC9CEB8-8B4A-11D0-8D11-00A0C91BC942}") = "ExeSample", "exe\ExeSample\ExeSample.vcxproj", "{2C6C0CD5-6B11-486F-9848-78DF13EAB15D}"
EndProject
Project("{2150E333-8FDC-42A3-9474-1A3956D46DE8}") = "Tool", "Tool", "{296CBC04-87D1-4301-B004-B8143BD89D50}"
EndProject
Project("{8BC9CEB8-8B4A-11D0-8D11-00A0C91BC942}") = "ConvertNNConfigToSource", "Tool\ConvertNNConfigToSource\ConvertNNConfigToSource.vcxproj", "{779451E2-6D91-4872-AD74-06B0ECCFB55F}"
EndProject
Project("{2150E333-8FDC-42A3-9474-1A3956D46DE8}") = "Layer", "Layer", "{FBDCB4D0-D6D3-4900-BE6E-254A97DB3C04}"
EndProject
Project("{2150E333-8FDC-42A3-9474-1A3956D46DE8}") = "NeuralNetwork", "NeuralNetwork", "{24922AAC-CD9D-4507-AB9F-DBCC9BBCC2F8}"
EndProject
Project("{2150E333-8FDC-42A3-9474-1A3956D46DE8}") = "IOData", "IOData", "{82040EB7-85BE-4915-9DC4-25A0979CA86B}"
EndProject
Project("{8BC9CEB8-8B4A-11D0-8D11-00A0C91BC942}") = "IODataLayer", "Layer\IOData\IODataLayer\IODataLayer.vcxproj", "{FE50F8D5-EFE1-4B8E-9BA8-1754980D6266}"
EndProject
Project("{2150E333-8FDC-42A3-9474-1A3956D46DE8}") = "Common", "Common", "{69F1082F-185D-4490-80C2-EFA5AC6F2EF7}"
EndProject
Project("{2150E333-8FDC-42A3-9474-1A3956D46DE8}") = "NeuralNetwork", "NeuralNetwork", "{D9D2E199-15AC-4BC5-B86F-466DEB2F97F9}"
EndProject
Project("{8BC9CEB8-8B4A-11D0-8D11-00A0C91BC942}") = "LayerDLLManager", "Library\NeuralNetwork\LayerDLLManager\LayerDLLManager.vcxproj", "{AC9B4528-AB0B-4549-A844-CFDC8837A7C6}"
EndProject
Project("{8BC9CEB8-8B4A-11D0-8D11-00A0C91BC942}") = "BatchDataNoListGenerator", "Library\Common\BatchDataNoListGenerator\BatchDataNoListGenerator.vcxproj", "{8609A0F5-AD98-4B79-B039-5492C1D26CE9}"
EndProject
Project("{2150E333-8FDC-42A3-9474-1A3956D46DE8}") = "SettingData", "SettingData", "{A7BB7879-AEFD-4E2F-81C0-3E18DE55F508}"
EndProject
Project("{8BC9CEB8-8B4A-11D0-8D11-00A0C91BC942}") = "Standard", "Library\SettingData\Standard\Standard.vcxproj", "{79FD5F13-1407-43AB-834C-04C1AECCDBB5}"
EndProject
Project("{8BC9CEB8-8B4A-11D0-8D11-00A0C91BC942}") = "Sample01_CRX", "exe\Sample01_CRX\Sample01_CRX.vcxproj", "{E7EB4E79-BBE1-42A0-AF62-1BC396CA5888}"
EndProject
Project("{2150E333-8FDC-42A3-9474-1A3956D46DE8}") = "DataFormat", "DataFormat", "{7BFBA22C-8094-4455-99EC-B6C375FFA37B}"
EndProject
Project("{8BC9CEB8-8B4A-11D0-8D11-00A0C91BC942}") = "DataFormatStringArray", "Library\DataFormat\DataFormatStringArray\DataFormatStringArray.vcxproj", "{A08B9691-CB48-4671-A5CB-C70B3FBB175D}"
EndProject
Project("{8BC9CEB8-8B4A-11D0-8D11-00A0C91BC942}") = "StringUtility", "Library\Common\StringUtility\StringUtility.vcxproj", "{99DE1DBC-0A4C-48F6-ADAF-75E29EDF2F1F}"
EndProject
Project("{8BC9CEB8-8B4A-11D0-8D11-00A0C91BC942}") = "FullyConnect_Activation", "Layer\NeuralNetwork\FullyConnect_Activation\FullyConnect_Activation.vcxproj", "{4B29F8CD-B065-48D8-8B4A-3BAA89ABFD7E}"
EndProject
Project("{8BC9CEB8-8B4A-11D0-8D11-00A0C91BC942}") = "FeedforwardNeuralNetwork", "Layer\NeuralNetwork\FeedforwardNeuralNetwork\FeedforwardNeuralNetwork.vcxproj", "{4B0F0996-50E0-498C-AEEB-B06EE5FD4E54}"
EndProject
Project("{8BC9CEB8-8B4A-11D0-8D11-00A0C91BC942}") = "Sample02_TRI", "exe\Sample02_TRI\Sample02_TRI.vcxproj", "{C4A928D7-75C1-44E9-8A9E-EEE058F3338D}"
EndProject
Project("{8BC9CEB8-8B4A-11D0-8D11-00A0C91BC942}") = "Sample03_XOR", "exe\Sample03_XOR\Sample03_XOR.vcxproj", "{27C1743E-44B5-4B98-BF94-0179F856B871}"
EndProject
Project("{8BC9CEB8-8B4A-11D0-8D11-00A0C91BC942}") = "NeuralNetworkTest", "exe\NeuralNetworkTest\NeuralNetworkTest.vcxproj", "{B0455F31-B421-4D4B-AC39-BDA1EB688ED1}"
EndProject
Global
	GlobalSection(SolutionConfigurationPlatforms) = preSolution
		Debug|Win32 = Debug|Win32
		Release|Win32 = Release|Win32
	EndGlobalSection
	GlobalSection(ProjectConfigurationPlatforms) = postSolution
		{2C6C0CD5-6B11-486F-9848-78DF13EAB15D}.Debug|Win32.ActiveCfg = Debug|Win32
		{2C6C0CD5-6B11-486F-9848-78DF13EAB15D}.Debug|Win32.Build.0 = Debug|Win32
		{2C6C0CD5-6B11-486F-9848-78DF13EAB15D}.Release|Win32.ActiveCfg = Release|Win32
		{2C6C0CD5-6B11-486F-9848-78DF13EAB15D}.Release|Win32.Build.0 = Release|Win32
		{779451E2-6D91-4872-AD74-06B0ECCFB55F}.Debug|Win32.ActiveCfg = Debug|Win32
		{779451E2-6D91-4872-AD74-06B0ECCFB55F}.Debug|Win32.Build.0 = Debug|Win32
		{779451E2-6D91-4872-AD74-06B0ECCFB55F}.Release|Win32.ActiveCfg = Release|Win32
		{779451E2-6D91-4872-AD74-06B0ECCFB55F}.Release|Win32.Build.0 = Release|Win32
		{FE50F8D5-EFE1-4B8E-9BA8-1754980D6266}.Debug|Win32.ActiveCfg = Debug|Win32
		{FE50F8D5-EFE1-4B8E-9BA8-1754980D6266}.Debug|Win32.Build.0 = Debug|Win32
		{FE50F8D5-EFE1-4B8E-9BA8-1754980D6266}.Release|Win32.ActiveCfg = Release|Win32
		{FE50F8D5-EFE1-4B8E-9BA8-1754980D6266}.Release|Win32.Build.0 = Release|Win32
		{AC9B4528-AB0B-4549-A844-CFDC8837A7C6}.Debug|Win32.ActiveCfg = Debug|Win32
		{AC9B4528-AB0B-4549-A844-CFDC8837A7C6}.Debug|Win32.Build.0 = Debug|Win32
		{AC9B4528-AB0B-4549-A844-CFDC8837A7C6}.Release|Win32.ActiveCfg = Release|Win32
		{AC9B4528-AB0B-4549-A844-CFDC8837A7C6}.Release|Win32.Build.0 = Release|Win32
		{8609A0F5-AD98-4B79-B039-5492C1D26CE9}.Debug|Win32.ActiveCfg = Debug|Win32
		{8609A0F5-AD98-4B79-B039-5492C1D26CE9}.Debug|Win32.Build.0 = Debug|Win32
		{8609A0F5-AD98-4B79-B039-5492C1D26CE9}.Release|Win32.ActiveCfg = Release|Win32
		{8609A0F5-AD98-4B79-B039-5492C1D26CE9}.Release|Win32.Build.0 = Release|Win32
		{79FD5F13-1407-43AB-834C-04C1AECCDBB5}.Debug|Win32.ActiveCfg = Debug|Win32
		{79FD5F13-1407-43AB-834C-04C1AECCDBB5}.Debug|Win32.Build.0 = Debug|Win32
		{79FD5F13-1407-43AB-834C-04C1AECCDBB5}.Release|Win32.ActiveCfg = Release|Win32
		{79FD5F13-1407-43AB-834C-04C1AECCDBB5}.Release|Win32.Build.0 = Release|Win32
		{E7EB4E79-BBE1-42A0-AF62-1BC396CA5888}.Debug|Win32.ActiveCfg = Debug|Win32
		{E7EB4E79-BBE1-42A0-AF62-1BC396CA5888}.Debug|Win32.Build.0 = Debug|Win32
		{E7EB4E79-BBE1-42A0-AF62-1BC396CA5888}.Release|Win32.ActiveCfg = Release|Win32
		{E7EB4E79-BBE1-42A0-AF62-1BC396CA5888}.Release|Win32.Build.0 = Release|Win32
		{A08B9691-CB48-4671-A5CB-C70B3FBB175D}.Debug|Win32.ActiveCfg = Debug|Win32
		{A08B9691-CB48-4671-A5CB-C70B3FBB175D}.Debug|Win32.Build.0 = Debug|Win32
		{A08B9691-CB48-4671-A5CB-C70B3FBB175D}.Release|Win32.ActiveCfg = Release|Win32
		{A08B9691-CB48-4671-A5CB-C70B3FBB175D}.Release|Win32.Build.0 = Release|Win32
		{99DE1DBC-0A4C-48F6-ADAF-75E29EDF2F1F}.Debug|Win32.ActiveCfg = Debug|Win32
		{99DE1DBC-0A4C-48F6-ADAF-75E29EDF2F1F}.Debug|Win32.Build.0 = Debug|Win32
		{99DE1DBC-0A4C-48F6-ADAF-75E29EDF2F1F}.Release|Win32.ActiveCfg = Release|Win32
		{99DE1DBC-0A4C-48F6-ADAF-75E29EDF2F1F}.Release|Win32.Build.0 = Release|Win32
		{4B29F8CD-B065-48D8-8B4A-3BAA89ABFD7E}.Debug|Win32.ActiveCfg = Debug|Win32
		{4B29F8CD-B065-48D8-8B4A-3BAA89ABFD7E}.Debug|Win32.Build.0 = Debug|Win32
		{4B29F8CD-B065-48D8-8B4A-3BAA89ABFD7E}.Release|Win32.ActiveCfg = Release|Win32
		{4B29F8CD-B065-48D8-8B4A-3BAA89ABFD7E}.Release|Win32.Build.0 = Release|Win32
		{4B0F0996-50E0-498C-AEEB-B06EE5FD4E54}.Debug|Win32.ActiveCfg = Debug|Win32
		{4B0F0996-50E0-498C-AEEB-B06EE5FD4E54}.Debug|Win32.Build.0 = Debug|Win32
		{4B0F0996-50E0-498C-AEEB-B06EE5FD4E54}.Release|Win32.ActiveCfg = Release|Win32
		{4B0F0996-50E0-498C-AEEB-B06EE5FD4E54}.Release|Win32.Build.0 = Release|Win32
		{C4A928D7-75C1-44E9-8A9E-EEE058F3338D}.Debug|Win32.ActiveCfg = Debug|Win32
		{C4A928D7-75C1-44E9-8A9E-EEE058F3338D}.Debug|Win32.Build.0 = Debug|Win32
		{C4A928D7-75C1-44E9-8A9E-EEE058F3338D}.Release|Win32.ActiveCfg = Release|Win32
		{C4A928D7-75C1-44E9-8A9E-EEE058F3338D}.Release|Win32.Build.0 = Release|Win32
		{27C1743E-44B5-4B98-BF94-0179F856B871}.Debug|Win32.ActiveCfg = Debug|Win32
		{27C1743E-44B5-4B98-BF94-0179F856B871}.Debug|Win32.Build.0 = Debug|Win32
		{27C1743E-44B5-4B98-BF94-0179F856B871}.Release|Win32.ActiveCfg = Release|Win32
		{27C1743E-44B5-4B98-BF94-0179F856B871}.Release|Win32.Build.0 = Release|Win32
		{B0455F31-B421-4D4B-AC39-BDA1EB688ED1}.Debug|Win32.ActiveCfg = Debug|Win32
		{B0455F31-B421-4D4B-AC39-BDA1EB688ED1}.Debug|Win32.Build.0 = Debug|Win32
		{B0455F31-B421-4D4B-AC39-BDA1EB688ED1}.Release|Win32.ActiveCfg = Release|Win32
		{B0455F31-B421-4D4B-AC39-BDA1EB688ED1}.Release|Win32.Build.0 = Release|Win32
	EndGlobalSection
	GlobalSection(SolutionProperties) = preSolution
		HideSolutionNode = FALSE
	EndGlobalSection
	GlobalSection(NestedProjects) = preSolution
		{2C6C0CD5-6B11-486F-9848-78DF13EAB15D} = {9DEE086C-8571-41DD-ADD4-7583EB13580A}
		{779451E2-6D91-4872-AD74-06B0ECCFB55F} = {296CBC04-87D1-4301-B004-B8143BD89D50}
		{24922AAC-CD9D-4507-AB9F-DBCC9BBCC2F8} = {FBDCB4D0-D6D3-4900-BE6E-254A97DB3C04}
		{82040EB7-85BE-4915-9DC4-25A0979CA86B} = {FBDCB4D0-D6D3-4900-BE6E-254A97DB3C04}
		{FE50F8D5-EFE1-4B8E-9BA8-1754980D6266} = {82040EB7-85BE-4915-9DC4-25A0979CA86B}
		{69F1082F-185D-4490-80C2-EFA5AC6F2EF7} = {D7D4DAE4-074F-4473-A80B-94E557D28FD0}
		{D9D2E199-15AC-4BC5-B86F-466DEB2F97F9} = {D7D4DAE4-074F-4473-A80B-94E557D28FD0}
		{AC9B4528-AB0B-4549-A844-CFDC8837A7C6} = {D9D2E199-15AC-4BC5-B86F-466DEB2F97F9}
		{8609A0F5-AD98-4B79-B039-5492C1D26CE9} = {69F1082F-185D-4490-80C2-EFA5AC6F2EF7}
		{A7BB7879-AEFD-4E2F-81C0-3E18DE55F508} = {D7D4DAE4-074F-4473-A80B-94E557D28FD0}
		{79FD5F13-1407-43AB-834C-04C1AECCDBB5} = {A7BB7879-AEFD-4E2F-81C0-3E18DE55F508}
		{E7EB4E79-BBE1-42A0-AF62-1BC396CA5888} = {9DEE086C-8571-41DD-ADD4-7583EB13580A}
		{7BFBA22C-8094-4455-99EC-B6C375FFA37B} = {D7D4DAE4-074F-4473-A80B-94E557D28FD0}
		{A08B9691-CB48-4671-A5CB-C70B3FBB175D} = {7BFBA22C-8094-4455-99EC-B6C375FFA37B}
		{99DE1DBC-0A4C-48F6-ADAF-75E29EDF2F1F} = {69F1082F-185D-4490-80C2-EFA5AC6F2EF7}
		{4B29F8CD-B065-48D8-8B4A-3BAA89ABFD7E} = {24922AAC-CD9D-4507-AB9F-DBCC9BBCC2F8}
		{4B0F0996-50E0-498C-AEEB-B06EE5FD4E54} = {24922AAC-CD9D-4507-AB9F-DBCC9BBCC2F8}
		{C4A928D7-75C1-44E9-8A9E-EEE058F3338D} = {9DEE086C-8571-41DD-ADD4-7583EB13580A}
		{27C1743E-44B5-4B98-BF94-0179F856B871} = {9DEE086C-8571-41DD-ADD4-7583EB13580A}
		{B0455F31-B421-4D4B-AC39-BDA1EB688ED1} = {9DEE086C-8571-41DD-ADD4-7583EB13580A}
	EndGlobalSection
	GlobalSection(ExtensibilityGlobals) = postSolution
		VisualSVNWorkingCopyRoot = .
	EndGlobalSection
EndGlobal
