<?xml version="1.0" encoding="utf-8"?>
<Project ToolsVersion="4.0" xmlns="http://schemas.microsoft.com/developer/msbuild/2003">
  <ItemGroup>
    <Filter Include="ソース ファイル">
      <UniqueIdentifier>{4FC737F1-C7A5-4376-A066-2A32D752A2FF}</UniqueIdentifier>
      <Extensions>cpp;c;cc;cxx;def;odl;idl;hpj;bat;asm;asmx</Extensions>
    </Filter>
    <Filter Include="ヘッダー ファイル">
      <UniqueIdentifier>{93995380-89BD-4b04-88EB-625FBE52EBFB}</UniqueIdentifier>
      <Extensions>h;hh;hpp;hxx;hm;inl;inc;xsd</Extensions>
    </Filter>
    <Filter Include="リソース ファイル">
      <UniqueIdentifier>{67DA6AB6-F800-4c08-8B7A-83BB121AAD01}</UniqueIdentifier>
      <Extensions>rc;ico;cur;bmp;dlg;rc2;rct;bin;rgs;gif;jpg;jpeg;jpe;resx;tiff;tif;png;wav;mfcribbon-ms</Extensions>
    </Filter>
    <Filter Include="FromXML">
      <UniqueIdentifier>{f7bec02c-98a9-476a-805a-1d3df31d8ffe}</UniqueIdentifier>
    </Filter>
    <Filter Include="Common">
      <UniqueIdentifier>{043e60e1-332d-44c7-bfa5-cb8fbcfe9953}</UniqueIdentifier>
    </Filter>
    <Filter Include="NNLayerInterface">
      <UniqueIdentifier>{f21f5997-4001-4a66-9d41-956d2d55fc51}</UniqueIdentifier>
    </Filter>
  </ItemGroup>
  <ItemGroup>
    <Text Include="ReadMe.txt" />
  </ItemGroup>
  <ItemGroup>
    <ClInclude Include="stdafx.h">
      <Filter>ヘッダー ファイル</Filter>
    </ClInclude>
    <ClInclude Include="targetver.h">
      <Filter>ヘッダー ファイル</Filter>
    </ClInclude>
    <ClInclude Include="NNLayer_FeedforwardBase.h">
      <Filter>ヘッダー ファイル</Filter>
    </ClInclude>
    <ClInclude Include="resource.h">
      <Filter>ヘッダー ファイル</Filter>
    </ClInclude>
    <ClInclude Include="NNLayer_Feedforward_FUNC.hpp">
      <Filter>FromXML</Filter>
    </ClInclude>
    <ClInclude Include="NNLayer_Feedforward_DATA.hpp">
      <Filter>FromXML</Filter>
    </ClInclude>
    <ClInclude Include="..\..\Common\Common.h">
      <Filter>Common</Filter>
    </ClInclude>
    <ClInclude Include="..\..\Common\ErrorCode.h">
      <Filter>Common</Filter>
    </ClInclude>
    <ClInclude Include="..\..\Common\Guiddef.h">
      <Filter>Common</Filter>
    </ClInclude>
    <ClInclude Include="..\..\Common\IODataStruct.h">
      <Filter>Common</Filter>
    </ClInclude>
    <ClInclude Include="..\..\Common\VersionCode.h">
      <Filter>Common</Filter>
    </ClInclude>
    <ClInclude Include="..\..\NNLayerInterface\IDataLayer.h">
      <Filter>NNLayerInterface</Filter>
    </ClInclude>
    <ClInclude Include="..\..\NNLayerInterface\IInputLayer.h">
      <Filter>NNLayerInterface</Filter>
    </ClInclude>
    <ClInclude Include="..\..\NNLayerInterface\IIODataLayer.h">
      <Filter>NNLayerInterface</Filter>
    </ClInclude>
    <ClInclude Include="..\..\NNLayerInterface\ILayerBase.h">
      <Filter>NNLayerInterface</Filter>
    </ClInclude>
    <ClInclude Include="..\..\NNLayerInterface\ILayerConfig.h">
      <Filter>NNLayerInterface</Filter>
    </ClInclude>
    <ClInclude Include="..\..\NNLayerInterface\IMultInputLayer.h">
      <Filter>NNLayerInterface</Filter>
    </ClInclude>
    <ClInclude Include="..\..\NNLayerInterface\INNLayer.h">
      <Filter>NNLayerInterface</Filter>
    </ClInclude>
    <ClInclude Include="..\..\NNLayerInterface\INNLayerDLL.h">
      <Filter>NNLayerInterface</Filter>
    </ClInclude>
    <ClInclude Include="..\..\NNLayerInterface\INNLayerDLLManager.h">
      <Filter>NNLayerInterface</Filter>
    </ClInclude>
    <ClInclude Include="..\..\NNLayerInterface\IOutputLayer.h">
      <Filter>NNLayerInterface</Filter>
    </ClInclude>
    <ClInclude Include="..\..\NNLayerInterface\ISingleInputLayer.h">
      <Filter>NNLayerInterface</Filter>
    </ClInclude>
    <ClInclude Include="..\..\NNLayerInterface\ISingleOutputLayer.h">
      <Filter>NNLayerInterface</Filter>
    </ClInclude>
    <ClInclude Include="..\..\NNLayerInterface\NNlayerFunction.h">
      <Filter>NNLayerInterface</Filter>
    </ClInclude>
    <ClInclude Include="..\..\NNLayerInterface\IBatchDataNoListGenerator.h">
      <Filter>NNLayerInterface</Filter>
    </ClInclude>
  </ItemGroup>
  <ItemGroup>
    <ClCompile Include="stdafx.cpp">
      <Filter>ソース ファイル</Filter>
    </ClCompile>
    <ClCompile Include="dllmain.cpp">
      <Filter>ソース ファイル</Filter>
    </ClCompile>
    <ClCompile Include="NNLayer_FeedforwardBase.cpp">
      <Filter>ソース ファイル</Filter>
    </ClCompile>
    <ClCompile Include="NNLayer_FeedforwardGPU.cpp">
      <Filter>ソース ファイル</Filter>
    </ClCompile>
    <ClCompile Include="NNLayer_FeedforwardCPU.cpp">
      <Filter>ソース ファイル</Filter>
    </ClCompile>
    <ClCompile Include="NNLayer_Feedforward_FUNC.cpp">
      <Filter>FromXML</Filter>
    </ClCompile>
  </ItemGroup>
  <ItemGroup>
    <ResourceCompile Include="NNLayer_Feedforward.rc">
      <Filter>リソース ファイル</Filter>
    </ResourceCompile>
  </ItemGroup>
  <ItemGroup>
    <Xml Include="Config.xml" />
    <Xml Include="LanguagePack-en.xml" />
  </ItemGroup>
</Project>