<?xml version="1.0" encoding="utf-8"?>
<Project ToolsVersion="4.0" xmlns="http://schemas.microsoft.com/developer/msbuild/2003">
  <ItemGroup>
    <Filter Include="ソース ファイル">
      <UniqueIdentifier>{4FC737F1-C7A5-4376-A066-2A32D752A2FF}</UniqueIdentifier>
      <Extensions>cpp;c;cc;cxx;def;odl;idl;hpj;bat;asm;asmx</Extensions>
    </Filter>
    <Filter Include="ヘッダー ファイル">
      <UniqueIdentifier>{93995380-89BD-4b04-88EB-625FBE52EBFB}</UniqueIdentifier>
      <Extensions>h;hh;hpp;hxx;hm;inl;inc;xsd</Extensions>
    </Filter>
    <Filter Include="リソース ファイル">
      <UniqueIdentifier>{67DA6AB6-F800-4c08-8B7A-83BB121AAD01}</UniqueIdentifier>
      <Extensions>rc;ico;cur;bmp;dlg;rc2;rct;bin;rgs;gif;jpg;jpeg;jpe;resx;tiff;tif;png;wav;mfcribbon-ms</Extensions>
    </Filter>
    <Filter Include="FromXML">
      <UniqueIdentifier>{f7bec02c-98a9-476a-805a-1d3df31d8ffe}</UniqueIdentifier>
    </Filter>
    <Filter Include="include">
      <UniqueIdentifier>{8de3855a-f5f4-4071-b44b-ecf84219011a}</UniqueIdentifier>
    </Filter>
    <Filter Include="include\Common">
      <UniqueIdentifier>{3ef1e43b-b546-454e-929a-33fa94d4b5b4}</UniqueIdentifier>
    </Filter>
    <Filter Include="include\NNLayerInterface">
      <UniqueIdentifier>{1271be4b-bce6-4f96-ad87-a36252db7529}</UniqueIdentifier>
    </Filter>
    <Filter Include="include\SettingData">
      <UniqueIdentifier>{68793abf-1be8-465c-bd55-fdd5ad00aedf}</UniqueIdentifier>
    </Filter>
    <Filter Include="include\SettingData\Standard">
      <UniqueIdentifier>{a0b72b3c-0687-43d2-b1a5-0cb099d93ec5}</UniqueIdentifier>
    </Filter>
  </ItemGroup>
  <ItemGroup>
    <Text Include="ReadMe.txt" />
  </ItemGroup>
  <ItemGroup>
    <ClInclude Include="stdafx.h">
      <Filter>ヘッダー ファイル</Filter>
    </ClInclude>
    <ClInclude Include="targetver.h">
      <Filter>ヘッダー ファイル</Filter>
    </ClInclude>
    <ClInclude Include="NNLayer_FeedforwardBase.h">
      <Filter>ヘッダー ファイル</Filter>
    </ClInclude>
    <ClInclude Include="resource.h">
      <Filter>ヘッダー ファイル</Filter>
    </ClInclude>
    <ClInclude Include="NNLayer_Feedforward_FUNC.hpp">
      <Filter>FromXML</Filter>
    </ClInclude>
    <ClInclude Include="NNLayer_Feedforward_DATA.hpp">
      <Filter>FromXML</Filter>
    </ClInclude>
    <ClInclude Include="..\..\include\Common\ErrorCode.h">
      <Filter>include\Common</Filter>
    </ClInclude>
    <ClInclude Include="..\..\include\Common\Guiddef.h">
      <Filter>include\Common</Filter>
    </ClInclude>
    <ClInclude Include="..\..\include\Common\IODataStruct.h">
      <Filter>include\Common</Filter>
    </ClInclude>
    <ClInclude Include="..\..\include\Common\VersionCode.h">
      <Filter>include\Common</Filter>
    </ClInclude>
    <ClInclude Include="..\..\include\Common\Common.h">
      <Filter>include\Common</Filter>
    </ClInclude>
    <ClInclude Include="..\..\include\NNLayerInterface\IIODataLayer.h">
      <Filter>include\NNLayerInterface</Filter>
    </ClInclude>
    <ClInclude Include="..\..\include\NNLayerInterface\ILayerBase.h">
      <Filter>include\NNLayerInterface</Filter>
    </ClInclude>
    <ClInclude Include="..\..\include\NNLayerInterface\IMultInputLayer.h">
      <Filter>include\NNLayerInterface</Filter>
    </ClInclude>
    <ClInclude Include="..\..\include\NNLayerInterface\INNLayer.h">
      <Filter>include\NNLayerInterface</Filter>
    </ClInclude>
    <ClInclude Include="..\..\include\NNLayerInterface\INNLayerDLL.h">
      <Filter>include\NNLayerInterface</Filter>
    </ClInclude>
    <ClInclude Include="..\..\include\NNLayerInterface\INNLayerDLLManager.h">
      <Filter>include\NNLayerInterface</Filter>
    </ClInclude>
    <ClInclude Include="..\..\include\NNLayerInterface\IOutputLayer.h">
      <Filter>include\NNLayerInterface</Filter>
    </ClInclude>
    <ClInclude Include="..\..\include\NNLayerInterface\ISingleInputLayer.h">
      <Filter>include\NNLayerInterface</Filter>
    </ClInclude>
    <ClInclude Include="..\..\include\NNLayerInterface\ISingleOutputLayer.h">
      <Filter>include\NNLayerInterface</Filter>
    </ClInclude>
    <ClInclude Include="..\..\include\NNLayerInterface\NNlayerFunction.h">
      <Filter>include\NNLayerInterface</Filter>
    </ClInclude>
    <ClInclude Include="..\..\include\NNLayerInterface\IBatchDataNoListGenerator.h">
      <Filter>include\NNLayerInterface</Filter>
    </ClInclude>
    <ClInclude Include="..\..\include\NNLayerInterface\IDataLayer.h">
      <Filter>include\NNLayerInterface</Filter>
    </ClInclude>
    <ClInclude Include="..\..\include\NNLayerInterface\IInputLayer.h">
      <Filter>include\NNLayerInterface</Filter>
    </ClInclude>
    <ClInclude Include="..\..\include\SettingData\Standard\IData.h">
      <Filter>include\SettingData\Standard</Filter>
    </ClInclude>
  </ItemGroup>
  <ItemGroup>
    <ClCompile Include="stdafx.cpp">
      <Filter>ソース ファイル</Filter>
    </ClCompile>
    <ClCompile Include="dllmain.cpp">
      <Filter>ソース ファイル</Filter>
    </ClCompile>
    <ClCompile Include="NNLayer_FeedforwardBase.cpp">
      <Filter>ソース ファイル</Filter>
    </ClCompile>
    <ClCompile Include="NNLayer_FeedforwardGPU.cpp">
      <Filter>ソース ファイル</Filter>
    </ClCompile>
    <ClCompile Include="NNLayer_FeedforwardCPU.cpp">
      <Filter>ソース ファイル</Filter>
    </ClCompile>
    <ClCompile Include="NNLayer_Feedforward_FUNC.cpp">
      <Filter>FromXML</Filter>
    </ClCompile>
  </ItemGroup>
  <ItemGroup>
    <ResourceCompile Include="NNLayer_Feedforward.rc">
      <Filter>リソース ファイル</Filter>
    </ResourceCompile>
  </ItemGroup>
  <ItemGroup>
    <Xml Include="Config.xml" />
    <Xml Include="LanguagePack-en.xml" />
  </ItemGroup>
</Project>