<?xml version="1.0" encoding="utf-8"?>
<Project ToolsVersion="4.0" xmlns="http://schemas.microsoft.com/developer/msbuild/2003">
  <ItemGroup>
    <Filter Include="ソース ファイル">
      <UniqueIdentifier>{4FC737F1-C7A5-4376-A066-2A32D752A2FF}</UniqueIdentifier>
      <Extensions>cpp;c;cc;cxx;def;odl;idl;hpj;bat;asm;asmx</Extensions>
    </Filter>
    <Filter Include="ヘッダー ファイル">
      <UniqueIdentifier>{93995380-89BD-4b04-88EB-625FBE52EBFB}</UniqueIdentifier>
      <Extensions>h;hh;hpp;hxx;hm;inl;inc;xsd</Extensions>
    </Filter>
    <Filter Include="リソース ファイル">
      <UniqueIdentifier>{67DA6AB6-F800-4c08-8B7A-83BB121AAD01}</UniqueIdentifier>
      <Extensions>rc;ico;cur;bmp;dlg;rc2;rct;bin;rgs;gif;jpg;jpeg;jpe;resx;tiff;tif;png;wav;mfcribbon-ms</Extensions>
    </Filter>
    <Filter Include="FromXML">
      <UniqueIdentifier>{ca53a52b-720d-4d06-90da-eb7c63e4563a}</UniqueIdentifier>
    </Filter>
    <Filter Include="include">
      <UniqueIdentifier>{964c6051-54bf-400d-a752-eeb4a1850f95}</UniqueIdentifier>
    </Filter>
    <Filter Include="include\Common">
      <UniqueIdentifier>{964860ed-e3d4-44f9-9aea-c20f07ba92da}</UniqueIdentifier>
    </Filter>
    <Filter Include="include\SettingData">
      <UniqueIdentifier>{71480580-0953-4446-a828-78f359c9e765}</UniqueIdentifier>
    </Filter>
    <Filter Include="include\SettingData\Standard">
      <UniqueIdentifier>{5a77c93b-00b6-4fd3-ab0a-75e90cb27a21}</UniqueIdentifier>
    </Filter>
    <Filter Include="include\Layer">
      <UniqueIdentifier>{fd2d6731-ccd6-4f0d-827e-e5b06ad83c9e}</UniqueIdentifier>
    </Filter>
    <Filter Include="include\Layer\IOData">
      <UniqueIdentifier>{54111579-0bd7-4508-aef4-93b1c3ac2236}</UniqueIdentifier>
    </Filter>
    <Filter Include="include\Layer\NeuralNetwork">
      <UniqueIdentifier>{9215cb73-934b-4772-a053-7819d76e7939}</UniqueIdentifier>
    </Filter>
    <Filter Include="include\Layer\IO">
      <UniqueIdentifier>{867fb881-4bcd-415b-bac7-f80627a20efc}</UniqueIdentifier>
    </Filter>
    <Filter Include="include\DataFormat">
      <UniqueIdentifier>{04ad90b2-54a4-4e79-a44c-8ddb2f690d94}</UniqueIdentifier>
    </Filter>
    <Filter Include="include\DataFormat\StringArray">
      <UniqueIdentifier>{e0e344ff-14c7-4e3e-b8c0-da53518702e9}</UniqueIdentifier>
    </Filter>
    <Filter Include="include\DataFormat\Binary">
      <UniqueIdentifier>{c119ca9a-d028-4a69-867f-917d2f820245}</UniqueIdentifier>
    </Filter>
    <Filter Include="LayerData">
      <UniqueIdentifier>{5f67eb82-375e-480e-b6d7-7e7f145dc922}</UniqueIdentifier>
    </Filter>
    <Filter Include="Layer">
      <UniqueIdentifier>{65317a4e-8411-4853-b7a7-572d9e80e862}</UniqueIdentifier>
    </Filter>
    <Filter Include="include\Layer\Connect">
      <UniqueIdentifier>{a998b8c4-bcde-4c3b-8bdc-fcd43c0eb747}</UniqueIdentifier>
    </Filter>
  </ItemGroup>
  <ItemGroup>
    <Text Include="ReadMe.txt" />
  </ItemGroup>
  <ItemGroup>
    <ClInclude Include="stdafx.h">
      <Filter>ヘッダー ファイル</Filter>
    </ClInclude>
    <ClInclude Include="targetver.h">
      <Filter>ヘッダー ファイル</Filter>
    </ClInclude>
    <ClInclude Include="Activation_FUNC.hpp">
      <Filter>FromXML</Filter>
    </ClInclude>
    <ClInclude Include="Activation_DATA.hpp">
      <Filter>FromXML</Filter>
    </ClInclude>
    <ClInclude Include="..\..\..\include\Common\Common.h">
      <Filter>include\Common</Filter>
    </ClInclude>
    <ClInclude Include="..\..\..\include\Common\ErrorCode.h">
      <Filter>include\Common</Filter>
    </ClInclude>
    <ClInclude Include="..\..\..\include\Common\Guiddef.h">
      <Filter>include\Common</Filter>
    </ClInclude>
    <ClInclude Include="..\..\..\include\Common\IBatchDataNoListGenerator.h">
      <Filter>include\Common</Filter>
    </ClInclude>
    <ClInclude Include="..\..\..\include\Common\IODataStruct.h">
      <Filter>include\Common</Filter>
    </ClInclude>
    <ClInclude Include="..\..\..\include\Common\VersionCode.h">
      <Filter>include\Common</Filter>
    </ClInclude>
    <ClInclude Include="..\..\..\include\SettingData\Standard\IData.h">
      <Filter>include\SettingData\Standard</Filter>
    </ClInclude>
    <ClInclude Include="..\..\..\include\Layer\ILayerBase.h">
      <Filter>include\Layer</Filter>
    </ClInclude>
    <ClInclude Include="..\..\..\include\Layer\IOData\IDataLayer.h">
      <Filter>include\Layer\IOData</Filter>
    </ClInclude>
    <ClInclude Include="..\..\..\include\Layer\IOData\IIODataLayer.h">
      <Filter>include\Layer\IOData</Filter>
    </ClInclude>
    <ClInclude Include="..\..\..\include\DataFormat\IDataFormatBase.h">
      <Filter>include\DataFormat</Filter>
    </ClInclude>
    <ClInclude Include="..\..\..\include\DataFormat\StringArray\IDataFormat.h">
      <Filter>include\DataFormat\StringArray</Filter>
    </ClInclude>
    <ClInclude Include="..\..\..\include\DataFormat\Binary\IDataFormat.h">
      <Filter>include\DataFormat\Binary</Filter>
    </ClInclude>
    <ClInclude Include="Activation_Base.h">
      <Filter>Layer</Filter>
    </ClInclude>
    <ClInclude Include="Activation_CPU.h">
      <Filter>Layer</Filter>
    </ClInclude>
    <ClInclude Include="Activation_LayerData_Base.h">
      <Filter>LayerData</Filter>
    </ClInclude>
    <ClInclude Include="Activation_LayerData_CPU.h">
      <Filter>LayerData</Filter>
    </ClInclude>
    <ClInclude Include="..\..\..\include\Layer\ILayerData.h">
      <Filter>include\Layer</Filter>
    </ClInclude>
    <ClInclude Include="..\..\..\include\Layer\IO\IMultOutputLayer.h">
      <Filter>include\Layer\IO</Filter>
    </ClInclude>
    <ClInclude Include="..\..\..\include\Layer\IO\IMultOutputLayerData.h">
      <Filter>include\Layer\IO</Filter>
    </ClInclude>
    <ClInclude Include="..\..\..\include\Layer\IO\IOutputLayer.h">
      <Filter>include\Layer\IO</Filter>
    </ClInclude>
    <ClInclude Include="..\..\..\include\Layer\IO\ISingleInputLayer.h">
      <Filter>include\Layer\IO</Filter>
    </ClInclude>
    <ClInclude Include="..\..\..\include\Layer\IO\ISingleInputLayerData.h">
      <Filter>include\Layer\IO</Filter>
    </ClInclude>
    <ClInclude Include="..\..\..\include\Layer\IO\ISingleOutputLayer.h">
      <Filter>include\Layer\IO</Filter>
    </ClInclude>
    <ClInclude Include="..\..\..\include\Layer\IO\ISingleOutputLayerData.h">
      <Filter>include\Layer\IO</Filter>
    </ClInclude>
    <ClInclude Include="..\..\..\include\Layer\IO\IInputLayer.h">
      <Filter>include\Layer\IO</Filter>
    </ClInclude>
    <ClInclude Include="..\..\..\include\Layer\IO\IMultInputLayer.h">
      <Filter>include\Layer\IO</Filter>
    </ClInclude>
    <ClInclude Include="..\..\..\include\Layer\IO\IMultInputLayerData.h">
      <Filter>include\Layer\IO</Filter>
    </ClInclude>
    <ClInclude Include="..\..\..\include\Layer\NeuralNetwork\INNLayer.h">
      <Filter>include\Layer\NeuralNetwork</Filter>
    </ClInclude>
    <ClInclude Include="..\..\..\include\Layer\NeuralNetwork\NNlayerFunction.h">
      <Filter>include\Layer\NeuralNetwork</Filter>
    </ClInclude>
    <ClInclude Include="..\..\..\include\Layer\NeuralNetwork\ILayerDataManager.h">
      <Filter>include\Layer\NeuralNetwork</Filter>
    </ClInclude>
    <ClInclude Include="..\..\..\include\Layer\NeuralNetwork\ILayerDLL.h">
      <Filter>include\Layer\NeuralNetwork</Filter>
    </ClInclude>
    <ClInclude Include="..\..\..\include\Layer\NeuralNetwork\ILayerDLLManager.h">
      <Filter>include\Layer\NeuralNetwork</Filter>
    </ClInclude>
    <ClInclude Include="..\..\..\include\Layer\NeuralNetwork\INeuralNetwork.h">
      <Filter>include\Layer\NeuralNetwork</Filter>
    </ClInclude>
    <ClInclude Include="..\..\..\include\Layer\Connect\ILayerConnectData.h">
      <Filter>include\Layer\Connect</Filter>
    </ClInclude>
    <ClInclude Include="..\..\..\include\Layer\NeuralNetwork\INNSingleInputLayer.h">
      <Filter>include\Layer\NeuralNetwork</Filter>
    </ClInclude>
    <ClInclude Include="..\..\..\include\Layer\NeuralNetwork\INNSingleOutputLayer.h">
      <Filter>include\Layer\NeuralNetwork</Filter>
    </ClInclude>
    <ClInclude Include="..\..\..\include\Layer\NeuralNetwork\INNMultOutputLayer.h">
      <Filter>include\Layer\NeuralNetwork</Filter>
    </ClInclude>
    <ClInclude Include="..\..\..\include\Layer\NeuralNetwork\INNMultInputLayer.h">
      <Filter>include\Layer\NeuralNetwork</Filter>
    </ClInclude>
  </ItemGroup>
  <ItemGroup>
    <ClCompile Include="stdafx.cpp">
      <Filter>ソース ファイル</Filter>
    </ClCompile>
    <ClCompile Include="dllmain.cpp">
      <Filter>ソース ファイル</Filter>
    </ClCompile>
    <ClCompile Include="Activation_FUNC.cpp">
      <Filter>FromXML</Filter>
    </ClCompile>
    <ClCompile Include="Activation_Base.cpp">
      <Filter>Layer</Filter>
    </ClCompile>
    <ClCompile Include="Activation_CPU.cpp">
      <Filter>Layer</Filter>
    </ClCompile>
    <ClCompile Include="Activation_LayerData_CPU.cpp">
      <Filter>LayerData</Filter>
    </ClCompile>
    <ClCompile Include="Activation_LayerData_Base.cpp">
      <Filter>LayerData</Filter>
    </ClCompile>
  </ItemGroup>
  <ItemGroup>
    <Xml Include="Config.xml" />
  </ItemGroup>
  <ItemGroup>
    <None Include="Activation_LayerData_GPU.cuh">
      <Filter>LayerData</Filter>
    </None>
    <None Include="Activation_GPU.cuh">
      <Filter>Layer</Filter>
    </None>
  </ItemGroup>
  <ItemGroup>
    <CudaCompile Include="Activation_LayerData_GPU.cu">
      <Filter>LayerData</Filter>
    </CudaCompile>
    <CudaCompile Include="Activation_GPU.cu">
      <Filter>Layer</Filter>
    </CudaCompile>
  </ItemGroup>
</Project>