<?xml version="1.0" encoding="utf-8"?>
<Project ToolsVersion="4.0" xmlns="http://schemas.microsoft.com/developer/msbuild/2003">
  <ItemGroup>
    <Filter Include="ソース ファイル">
      <UniqueIdentifier>{4FC737F1-C7A5-4376-A066-2A32D752A2FF}</UniqueIdentifier>
      <Extensions>cpp;c;cc;cxx;def;odl;idl;hpj;bat;asm;asmx</Extensions>
    </Filter>
    <Filter Include="ヘッダー ファイル">
      <UniqueIdentifier>{93995380-89BD-4b04-88EB-625FBE52EBFB}</UniqueIdentifier>
      <Extensions>h;hh;hpp;hxx;hm;inl;inc;xsd</Extensions>
    </Filter>
    <Filter Include="リソース ファイル">
      <UniqueIdentifier>{67DA6AB6-F800-4c08-8B7A-83BB121AAD01}</UniqueIdentifier>
      <Extensions>rc;ico;cur;bmp;dlg;rc2;rct;bin;rgs;gif;jpg;jpeg;jpe;resx;tiff;tif;png;wav;mfcribbon-ms</Extensions>
    </Filter>
    <Filter Include="include">
      <UniqueIdentifier>{be17dcc6-df7d-4392-8a1e-696cbab88be4}</UniqueIdentifier>
    </Filter>
    <Filter Include="include\Common">
      <UniqueIdentifier>{72922515-38f5-4ba5-a496-b3e5da64b994}</UniqueIdentifier>
    </Filter>
    <Filter Include="include\SettingData">
      <UniqueIdentifier>{9c2ba9a0-8ca1-4fff-a0a6-2fa89a33f075}</UniqueIdentifier>
    </Filter>
    <Filter Include="include\Layer">
      <UniqueIdentifier>{161cb2f8-03f2-4bd4-a946-a7829bbc459b}</UniqueIdentifier>
    </Filter>
    <Filter Include="include\Layer\IOData">
      <UniqueIdentifier>{2e9670da-fa92-4cce-af25-cff6727afbcb}</UniqueIdentifier>
    </Filter>
    <Filter Include="include\Layer\NeuralNetwork">
      <UniqueIdentifier>{47ee7853-8242-4815-a063-5d144fc9bdf4}</UniqueIdentifier>
    </Filter>
    <Filter Include="include\Layer\IO">
      <UniqueIdentifier>{0b762e60-6ead-4900-aae4-df8b9d04a773}</UniqueIdentifier>
    </Filter>
    <Filter Include="include\SettingData\Standard">
      <UniqueIdentifier>{54ad5bee-485f-46e9-a281-cd86c60952a9}</UniqueIdentifier>
    </Filter>
  </ItemGroup>
  <ItemGroup>
    <Text Include="ReadMe.txt" />
  </ItemGroup>
  <ItemGroup>
    <ClInclude Include="stdafx.h">
      <Filter>ヘッダー ファイル</Filter>
    </ClInclude>
    <ClInclude Include="targetver.h">
      <Filter>ヘッダー ファイル</Filter>
    </ClInclude>
    <ClInclude Include="IODataLayer.h">
      <Filter>ヘッダー ファイル</Filter>
    </ClInclude>
    <ClInclude Include="..\..\include\Common\Guiddef.h">
      <Filter>include\Common</Filter>
    </ClInclude>
    <ClInclude Include="..\..\include\Common\IBatchDataNoListGenerator.h">
      <Filter>include\Common</Filter>
    </ClInclude>
    <ClInclude Include="..\..\include\Common\IODataStruct.h">
      <Filter>include\Common</Filter>
    </ClInclude>
    <ClInclude Include="..\..\include\Common\VersionCode.h">
      <Filter>include\Common</Filter>
    </ClInclude>
    <ClInclude Include="..\..\include\Common\Common.h">
      <Filter>include\Common</Filter>
    </ClInclude>
    <ClInclude Include="..\..\include\Common\ErrorCode.h">
      <Filter>include\Common</Filter>
    </ClInclude>
    <ClInclude Include="..\..\include\Layer\ILayerBase.h">
      <Filter>include\Layer</Filter>
    </ClInclude>
    <ClInclude Include="..\..\include\Layer\NeuralNetwork\INNLayerDLL.h">
      <Filter>include\Layer\NeuralNetwork</Filter>
    </ClInclude>
    <ClInclude Include="..\..\include\Layer\NeuralNetwork\INNLayerDLLManager.h">
      <Filter>include\Layer\NeuralNetwork</Filter>
    </ClInclude>
    <ClInclude Include="..\..\include\Layer\NeuralNetwork\NNlayerFunction.h">
      <Filter>include\Layer\NeuralNetwork</Filter>
    </ClInclude>
    <ClInclude Include="..\..\include\Layer\NeuralNetwork\INNLayer.h">
      <Filter>include\Layer\NeuralNetwork</Filter>
    </ClInclude>
    <ClInclude Include="..\..\include\Layer\IO\IOutputLayer.h">
      <Filter>include\Layer\IO</Filter>
    </ClInclude>
    <ClInclude Include="..\..\include\Layer\IO\ISingleInputLayer.h">
      <Filter>include\Layer\IO</Filter>
    </ClInclude>
    <ClInclude Include="..\..\include\Layer\IO\ISingleOutputLayer.h">
      <Filter>include\Layer\IO</Filter>
    </ClInclude>
    <ClInclude Include="..\..\include\Layer\IO\IInputLayer.h">
      <Filter>include\Layer\IO</Filter>
    </ClInclude>
    <ClInclude Include="..\..\include\Layer\IO\IMultInputLayer.h">
      <Filter>include\Layer\IO</Filter>
    </ClInclude>
    <ClInclude Include="..\..\include\Layer\IOData\IDataLayer.h">
      <Filter>include\Layer\IOData</Filter>
    </ClInclude>
    <ClInclude Include="..\..\include\Layer\IOData\IIODataLayer.h">
      <Filter>include\Layer\IOData</Filter>
    </ClInclude>
    <ClInclude Include="..\..\include\SettingData\Standard\IData.h">
      <Filter>include\SettingData\Standard</Filter>
    </ClInclude>
  </ItemGroup>
  <ItemGroup>
    <ClCompile Include="stdafx.cpp">
      <Filter>ソース ファイル</Filter>
    </ClCompile>
    <ClCompile Include="dllmain.cpp">
      <Filter>ソース ファイル</Filter>
    </ClCompile>
    <ClCompile Include="IODataLayerCPU.cpp">
      <Filter>ソース ファイル</Filter>
    </ClCompile>
  </ItemGroup>
</Project>